// !$*UTF8*$!
{
	archiveVersion = 1;
	classes = {
	};
	objectVersion = 56;
	objects = {

/* Begin PBXBuildFile section */
		FD7C76242AC481E700BE63FE /* KornekerCallepiApp.swift in Sources */ = {isa = PBXBuildFile; fileRef = FD7C76232AC481E700BE63FE /* KornekerCallepiApp.swift */; };
		FD7C76262AC481E700BE63FE /* ContentView.swift in Sources */ = {isa = PBXBuildFile; fileRef = FD7C76252AC481E700BE63FE /* ContentView.swift */; };
		FD7C76282AC481E800BE63FE /* Assets.xcassets in Resources */ = {isa = PBXBuildFile; fileRef = FD7C76272AC481E800BE63FE /* Assets.xcassets */; };
		FD7C762B2AC481E800BE63FE /* Preview Assets.xcassets in Resources */ = {isa = PBXBuildFile; fileRef = FD7C762A2AC481E800BE63FE /* Preview Assets.xcassets */; };
		FD7C76352AC482A000BE63FE /* MultiplicationView.swift in Sources */ = {isa = PBXBuildFile; fileRef = FD7C76342AC482A000BE63FE /* MultiplicationView.swift */; };
		FD7C76372AC55D6400BE63FE /* LeftMenuView.swift in Sources */ = {isa = PBXBuildFile; fileRef = FD7C76362AC55D6400BE63FE /* LeftMenuView.swift */; };
		FD7C76392AC5618500BE63FE /* LeftMenuTabs.swift in Sources */ = {isa = PBXBuildFile; fileRef = FD7C76382AC5618500BE63FE /* LeftMenuTabs.swift */; };
		FD7C763B2AC5709500BE63FE /* AddView.swift in Sources */ = {isa = PBXBuildFile; fileRef = FD7C763A2AC5709500BE63FE /* AddView.swift */; };
		FD7C763D2AC570B600BE63FE /* TransposeView.swift in Sources */ = {isa = PBXBuildFile; fileRef = FD7C763C2AC570B600BE63FE /* TransposeView.swift */; };
		FD7C76412AC5710700BE63FE /* InverseMatrixView.swift in Sources */ = {isa = PBXBuildFile; fileRef = FD7C76402AC5710700BE63FE /* InverseMatrixView.swift */; };
		FD7C76432AC5713100BE63FE /* DeterminantView.swift in Sources */ = {isa = PBXBuildFile; fileRef = FD7C76422AC5713100BE63FE /* DeterminantView.swift */; };
		FD7C76452AC5714000BE63FE /* MatrixFunctionView.swift in Sources */ = {isa = PBXBuildFile; fileRef = FD7C76442AC5714000BE63FE /* MatrixFunctionView.swift */; };
		FD7C76472AC571C800BE63FE /* SLAEView.swift in Sources */ = {isa = PBXBuildFile; fileRef = FD7C76462AC571C800BE63FE /* SLAEView.swift */; };
/* End PBXBuildFile section */

/* Begin PBXFileReference section */
		FD7C76202AC481E700BE63FE /* KornekerCallepi.app */ = {isa = PBXFileReference; explicitFileType = wrapper.application; includeInIndex = 0; path = KornekerCallepi.app; sourceTree = BUILT_PRODUCTS_DIR; };
		FD7C76232AC481E700BE63FE /* KornekerCallepiApp.swift */ = {isa = PBXFileReference; lastKnownFileType = sourcecode.swift; path = KornekerCallepiApp.swift; sourceTree = "<group>"; };
		FD7C76252AC481E700BE63FE /* ContentView.swift */ = {isa = PBXFileReference; lastKnownFileType = sourcecode.swift; path = ContentView.swift; sourceTree = "<group>"; };
		FD7C76272AC481E800BE63FE /* Assets.xcassets */ = {isa = PBXFileReference; lastKnownFileType = folder.assetcatalog; path = Assets.xcassets; sourceTree = "<group>"; };
		FD7C762A2AC481E800BE63FE /* Preview Assets.xcassets */ = {isa = PBXFileReference; lastKnownFileType = folder.assetcatalog; path = "Preview Assets.xcassets"; sourceTree = "<group>"; };
		FD7C762C2AC481E800BE63FE /* KornekerCallepi.entitlements */ = {isa = PBXFileReference; lastKnownFileType = text.plist.entitlements; path = KornekerCallepi.entitlements; sourceTree = "<group>"; };
		FD7C76342AC482A000BE63FE /* MultiplicationView.swift */ = {isa = PBXFileReference; lastKnownFileType = sourcecode.swift; path = MultiplicationView.swift; sourceTree = "<group>"; };
		FD7C76362AC55D6400BE63FE /* LeftMenuView.swift */ = {isa = PBXFileReference; lastKnownFileType = sourcecode.swift; path = LeftMenuView.swift; sourceTree = "<group>"; };
		FD7C76382AC5618500BE63FE /* LeftMenuTabs.swift */ = {isa = PBXFileReference; lastKnownFileType = sourcecode.swift; path = LeftMenuTabs.swift; sourceTree = "<group>"; };
		FD7C763A2AC5709500BE63FE /* AddView.swift */ = {isa = PBXFileReference; lastKnownFileType = sourcecode.swift; path = AddView.swift; sourceTree = "<group>"; };
		FD7C763C2AC570B600BE63FE /* TransposeView.swift */ = {isa = PBXFileReference; lastKnownFileType = sourcecode.swift; path = TransposeView.swift; sourceTree = "<group>"; };
		FD7C76402AC5710700BE63FE /* InverseMatrixView.swift */ = {isa = PBXFileReference; lastKnownFileType = sourcecode.swift; path = InverseMatrixView.swift; sourceTree = "<group>"; };
		FD7C76422AC5713100BE63FE /* DeterminantView.swift */ = {isa = PBXFileReference; lastKnownFileType = sourcecode.swift; path = DeterminantView.swift; sourceTree = "<group>"; };
		FD7C76442AC5714000BE63FE /* MatrixFunctionView.swift */ = {isa = PBXFileReference; lastKnownFileType = sourcecode.swift; path = MatrixFunctionView.swift; sourceTree = "<group>"; };
		FD7C76462AC571C800BE63FE /* SLAEView.swift */ = {isa = PBXFileReference; lastKnownFileType = sourcecode.swift; path = SLAEView.swift; sourceTree = "<group>"; };
/* End PBXFileReference section */

/* Begin PBXFrameworksBuildPhase section */
		FD7C761D2AC481E700BE63FE /* Frameworks */ = {
			isa = PBXFrameworksBuildPhase;
			buildActionMask = 2147483647;
			files = (
			);
			runOnlyForDeploymentPostprocessing = 0;
		};
/* End PBXFrameworksBuildPhase section */

/* Begin PBXGroup section */
		FD7C76172AC481E700BE63FE = {
			isa = PBXGroup;
			children = (
				FD7C76222AC481E700BE63FE /* KornekerCallepi */,
				FD7C76212AC481E700BE63FE /* Products */,
			);
			sourceTree = "<group>";
		};
		FD7C76212AC481E700BE63FE /* Products */ = {
			isa = PBXGroup;
			children = (
				FD7C76202AC481E700BE63FE /* KornekerCallepi.app */,
			);
			name = Products;
			sourceTree = "<group>";
		};
		FD7C76222AC481E700BE63FE /* KornekerCallepi */ = {
			isa = PBXGroup;
			children = (
				FD7C76332AC4827900BE63FE /* Model */,
				FD7C76322AC4826D00BE63FE /* View */,
				FD7C76232AC481E700BE63FE /* KornekerCallepiApp.swift */,
				FD7C76252AC481E700BE63FE /* ContentView.swift */,
				FD7C76272AC481E800BE63FE /* Assets.xcassets */,
				FD7C762C2AC481E800BE63FE /* KornekerCallepi.entitlements */,
				FD7C76292AC481E800BE63FE /* Preview Content */,
			);
			path = KornekerCallepi;
			sourceTree = "<group>";
		};
		FD7C76292AC481E800BE63FE /* Preview Content */ = {
			isa = PBXGroup;
			children = (
				FD7C762A2AC481E800BE63FE /* Preview Assets.xcassets */,
			);
			path = "Preview Content";
			sourceTree = "<group>";
		};
		FD7C76322AC4826D00BE63FE /* View */ = {
			isa = PBXGroup;
			children = (
				FD7C76342AC482A000BE63FE /* MultiplicationView.swift */,
				FD7C76362AC55D6400BE63FE /* LeftMenuView.swift */,
				FD7C763A2AC5709500BE63FE /* AddView.swift */,
				FD7C763C2AC570B600BE63FE /* TransposeView.swift */,
				FD7C76402AC5710700BE63FE /* InverseMatrixView.swift */,
				FD7C76422AC5713100BE63FE /* DeterminantView.swift */,
				FD7C76442AC5714000BE63FE /* MatrixFunctionView.swift */,
				FD7C76462AC571C800BE63FE /* SLAEView.swift */,
			);
			path = View;
			sourceTree = "<group>";
		};
		FD7C76332AC4827900BE63FE /* Model */ = {
			isa = PBXGroup;
			children = (
				FD7C76382AC5618500BE63FE /* LeftMenuTabs.swift */,
			);
			path = Model;
			sourceTree = "<group>";
		};
/* End PBXGroup section */

/* Begin PBXNativeTarget section */
		FD7C761F2AC481E700BE63FE /* KornekerCallepi */ = {
			isa = PBXNativeTarget;
			buildConfigurationList = FD7C762F2AC481E800BE63FE /* Build configuration list for PBXNativeTarget "KornekerCallepi" */;
			buildPhases = (
				FD7C761C2AC481E700BE63FE /* Sources */,
				FD7C761D2AC481E700BE63FE /* Frameworks */,
				FD7C761E2AC481E700BE63FE /* Resources */,
			);
			buildRules = (
			);
			dependencies = (
			);
			name = KornekerCallepi;
			productName = KornekerCallepi;
			productReference = FD7C76202AC481E700BE63FE /* KornekerCallepi.app */;
			productType = "com.apple.product-type.application";
		};
/* End PBXNativeTarget section */

/* Begin PBXProject section */
		FD7C76182AC481E700BE63FE /* Project object */ = {
			isa = PBXProject;
			attributes = {
				BuildIndependentTargetsInParallel = 1;
				LastSwiftUpdateCheck = 1500;
				LastUpgradeCheck = 1500;
				TargetAttributes = {
					FD7C761F2AC481E700BE63FE = {
						CreatedOnToolsVersion = 15.0;
					};
				};
			};
			buildConfigurationList = FD7C761B2AC481E700BE63FE /* Build configuration list for PBXProject "KornekerCallepi" */;
			compatibilityVersion = "Xcode 14.0";
			developmentRegion = en;
			hasScannedForEncodings = 0;
			knownRegions = (
				en,
				Base,
			);
			mainGroup = FD7C76172AC481E700BE63FE;
			productRefGroup = FD7C76212AC481E700BE63FE /* Products */;
			projectDirPath = "";
			projectRoot = "";
			targets = (
				FD7C761F2AC481E700BE63FE /* KornekerCallepi */,
			);
		};
/* End PBXProject section */

/* Begin PBXResourcesBuildPhase section */
		FD7C761E2AC481E700BE63FE /* Resources */ = {
			isa = PBXResourcesBuildPhase;
			buildActionMask = 2147483647;
			files = (
				FD7C762B2AC481E800BE63FE /* Preview Assets.xcassets in Resources */,
				FD7C76282AC481E800BE63FE /* Assets.xcassets in Resources */,
			);
			runOnlyForDeploymentPostprocessing = 0;
		};
/* End PBXResourcesBuildPhase section */

/* Begin PBXSourcesBuildPhase section */
		FD7C761C2AC481E700BE63FE /* Sources */ = {
			isa = PBXSourcesBuildPhase;
			buildActionMask = 2147483647;
			files = (
				FD7C763D2AC570B600BE63FE /* TransposeView.swift in Sources */,
				FD7C76392AC5618500BE63FE /* LeftMenuTabs.swift in Sources */,
				FD7C76372AC55D6400BE63FE /* LeftMenuView.swift in Sources */,
				FD7C763B2AC5709500BE63FE /* AddView.swift in Sources */,
				FD7C76262AC481E700BE63FE /* ContentView.swift in Sources */,
				FD7C76472AC571C800BE63FE /* SLAEView.swift in Sources */,
				FD7C76432AC5713100BE63FE /* DeterminantView.swift in Sources */,
				FD7C76352AC482A000BE63FE /* MultiplicationView.swift in Sources */,
				FD7C76452AC5714000BE63FE /* MatrixFunctionView.swift in Sources */,
				FD7C76412AC5710700BE63FE /* InverseMatrixView.swift in Sources */,
				FD7C76242AC481E700BE63FE /* KornekerCallepiApp.swift in Sources */,
			);
			runOnlyForDeploymentPostprocessing = 0;
		};
/* End PBXSourcesBuildPhase section */

/* Begin XCBuildConfiguration section */
		FD7C762D2AC481E800BE63FE /* Debug */ = {
			isa = XCBuildConfiguration;
			buildSettings = {
				ALWAYS_SEARCH_USER_PATHS = NO;
				ASSETCATALOG_COMPILER_GENERATE_SWIFT_ASSET_SYMBOL_EXTENSIONS = YES;
				CLANG_ANALYZER_NONNULL = YES;
				CLANG_ANALYZER_NUMBER_OBJECT_CONVERSION = YES_AGGRESSIVE;
				CLANG_CXX_LANGUAGE_STANDARD = "gnu++20";
				CLANG_ENABLE_MODULES = YES;
				CLANG_ENABLE_OBJC_ARC = YES;
				CLANG_ENABLE_OBJC_WEAK = YES;
				CLANG_WARN_BLOCK_CAPTURE_AUTORELEASING = YES;
				CLANG_WARN_BOOL_CONVERSION = YES;
				CLANG_WARN_COMMA = YES;
				CLANG_WARN_CONSTANT_CONVERSION = YES;
				CLANG_WARN_DEPRECATED_OBJC_IMPLEMENTATIONS = YES;
				CLANG_WARN_DIRECT_OBJC_ISA_USAGE = YES_ERROR;
				CLANG_WARN_DOCUMENTATION_COMMENTS = YES;
				CLANG_WARN_EMPTY_BODY = YES;
				CLANG_WARN_ENUM_CONVERSION = YES;
				CLANG_WARN_INFINITE_RECURSION = YES;
				CLANG_WARN_INT_CONVERSION = YES;
				CLANG_WARN_NON_LITERAL_NULL_CONVERSION = YES;
				CLANG_WARN_OBJC_IMPLICIT_RETAIN_SELF = YES;
				CLANG_WARN_OBJC_LITERAL_CONVERSION = YES;
				CLANG_WARN_OBJC_ROOT_CLASS = YES_ERROR;
				CLANG_WARN_QUOTED_INCLUDE_IN_FRAMEWORK_HEADER = YES;
				CLANG_WARN_RANGE_LOOP_ANALYSIS = YES;
				CLANG_WARN_STRICT_PROTOTYPES = YES;
				CLANG_WARN_SUSPICIOUS_MOVE = YES;
				CLANG_WARN_UNGUARDED_AVAILABILITY = YES_AGGRESSIVE;
				CLANG_WARN_UNREACHABLE_CODE = YES;
				CLANG_WARN__DUPLICATE_METHOD_MATCH = YES;
				COPY_PHASE_STRIP = NO;
				DEBUG_INFORMATION_FORMAT = dwarf;
				ENABLE_STRICT_OBJC_MSGSEND = YES;
				ENABLE_TESTABILITY = YES;
				ENABLE_USER_SCRIPT_SANDBOXING = YES;
				GCC_C_LANGUAGE_STANDARD = gnu17;
				GCC_DYNAMIC_NO_PIC = NO;
				GCC_NO_COMMON_BLOCKS = YES;
				GCC_OPTIMIZATION_LEVEL = 0;
				GCC_PREPROCESSOR_DEFINITIONS = (
					"DEBUG=1",
					"$(inherited)",
				);
				GCC_WARN_64_TO_32_BIT_CONVERSION = YES;
				GCC_WARN_ABOUT_RETURN_TYPE = YES_ERROR;
				GCC_WARN_UNDECLARED_SELECTOR = YES;
				GCC_WARN_UNINITIALIZED_AUTOS = YES_AGGRESSIVE;
				GCC_WARN_UNUSED_FUNCTION = YES;
				GCC_WARN_UNUSED_VARIABLE = YES;
				LOCALIZATION_PREFERS_STRING_CATALOGS = YES;
				MACOSX_DEPLOYMENT_TARGET = 14.0;
				MTL_ENABLE_DEBUG_INFO = INCLUDE_SOURCE;
				MTL_FAST_MATH = YES;
				ONLY_ACTIVE_ARCH = YES;
				SDKROOT = macosx;
				SWIFT_ACTIVE_COMPILATION_CONDITIONS = "DEBUG $(inherited)";
				SWIFT_OPTIMIZATION_LEVEL = "-Onone";
			};
			name = Debug;
		};
		FD7C762E2AC481E800BE63FE /* Release */ = {
			isa = XCBuildConfiguration;
			buildSettings = {
				ALWAYS_SEARCH_USER_PATHS = NO;
				ASSETCATALOG_COMPILER_GENERATE_SWIFT_ASSET_SYMBOL_EXTENSIONS = YES;
				CLANG_ANALYZER_NONNULL = YES;
				CLANG_ANALYZER_NUMBER_OBJECT_CONVERSION = YES_AGGRESSIVE;
				CLANG_CXX_LANGUAGE_STANDARD = "gnu++20";
				CLANG_ENABLE_MODULES = YES;
				CLANG_ENABLE_OBJC_ARC = YES;
				CLANG_ENABLE_OBJC_WEAK = YES;
				CLANG_WARN_BLOCK_CAPTURE_AUTORELEASING = YES;
				CLANG_WARN_BOOL_CONVERSION = YES;
				CLANG_WARN_COMMA = YES;
				CLANG_WARN_CONSTANT_CONVERSION = YES;
				CLANG_WARN_DEPRECATED_OBJC_IMPLEMENTATIONS = YES;
				CLANG_WARN_DIRECT_OBJC_ISA_USAGE = YES_ERROR;
				CLANG_WARN_DOCUMENTATION_COMMENTS = YES;
				CLANG_WARN_EMPTY_BODY = YES;
				CLANG_WARN_ENUM_CONVERSION = YES;
				CLANG_WARN_INFINITE_RECURSION = YES;
				CLANG_WARN_INT_CONVERSION = YES;
				CLANG_WARN_NON_LITERAL_NULL_CONVERSION = YES;
				CLANG_WARN_OBJC_IMPLICIT_RETAIN_SELF = YES;
				CLANG_WARN_OBJC_LITERAL_CONVERSION = YES;
				CLANG_WARN_OBJC_ROOT_CLASS = YES_ERROR;
				CLANG_WARN_QUOTED_INCLUDE_IN_FRAMEWORK_HEADER = YES;
				CLANG_WARN_RANGE_LOOP_ANALYSIS = YES;
				CLANG_WARN_STRICT_PROTOTYPES = YES;
				CLANG_WARN_SUSPICIOUS_MOVE = YES;
				CLANG_WARN_UNGUARDED_AVAILABILITY = YES_AGGRESSIVE;
				CLANG_WARN_UNREACHABLE_CODE = YES;
				CLANG_WARN__DUPLICATE_METHOD_MATCH = YES;
				COPY_PHASE_STRIP = NO;
				DEBUG_INFORMATION_FORMAT = "dwarf-with-dsym";
				ENABLE_NS_ASSERTIONS = NO;
				ENABLE_STRICT_OBJC_MSGSEND = YES;
				ENABLE_USER_SCRIPT_SANDBOXING = YES;
				GCC_C_LANGUAGE_STANDARD = gnu17;
				GCC_NO_COMMON_BLOCKS = YES;
				GCC_WARN_64_TO_32_BIT_CONVERSION = YES;
				GCC_WARN_ABOUT_RETURN_TYPE = YES_ERROR;
				GCC_WARN_UNDECLARED_SELECTOR = YES;
				GCC_WARN_UNINITIALIZED_AUTOS = YES_AGGRESSIVE;
				GCC_WARN_UNUSED_FUNCTION = YES;
				GCC_WARN_UNUSED_VARIABLE = YES;
				LOCALIZATION_PREFERS_STRING_CATALOGS = YES;
				MACOSX_DEPLOYMENT_TARGET = 14.0;
				MTL_ENABLE_DEBUG_INFO = NO;
				MTL_FAST_MATH = YES;
				SDKROOT = macosx;
				SWIFT_COMPILATION_MODE = wholemodule;
			};
			name = Release;
		};
		FD7C76302AC481E800BE63FE /* Debug */ = {
			isa = XCBuildConfiguration;
			buildSettings = {
				ASSETCATALOG_COMPILER_APPICON_NAME = AppIcon;
				ASSETCATALOG_COMPILER_GLOBAL_ACCENT_COLOR_NAME = AccentColor;
				CODE_SIGN_ENTITLEMENTS = KornekerCallepi/KornekerCallepi.entitlements;
				CODE_SIGN_STYLE = Automatic;
				COMBINE_HIDPI_IMAGES = YES;
				CURRENT_PROJECT_VERSION = 1;
				DEVELOPMENT_ASSET_PATHS = "\"KornekerCallepi/Preview Content\"";
				DEVELOPMENT_TEAM = 4CQXWD2Y9F;
				ENABLE_HARDENED_RUNTIME = YES;
				ENABLE_PREVIEWS = YES;
				GENERATE_INFOPLIST_FILE = YES;
				INFOPLIST_KEY_NSHumanReadableCopyright = "";
				LD_RUNPATH_SEARCH_PATHS = (
					"$(inherited)",
					"@executable_path/../Frameworks",
				);
				MARKETING_VERSION = 1.0;
				PRODUCT_BUNDLE_IDENTIFIER = com.ihorlenko.KornekerCallepi;
				PRODUCT_NAME = "$(TARGET_NAME)";
				SWIFT_EMIT_LOC_STRINGS = YES;
				SWIFT_VERSION = 5.0;
			};
			name = Debug;
		};
		FD7C76312AC481E800BE63FE /* Release */ = {
			isa = XCBuildConfiguration;
			buildSettings = {
				ASSETCATALOG_COMPILER_APPICON_NAME = AppIcon;
				ASSETCATALOG_COMPILER_GLOBAL_ACCENT_COLOR_NAME = AccentColor;
				CODE_SIGN_ENTITLEMENTS = KornekerCallepi/KornekerCallepi.entitlements;
				CODE_SIGN_STYLE = Automatic;
				COMBINE_HIDPI_IMAGES = YES;
				CURRENT_PROJECT_VERSION = 1;
				DEVELOPMENT_ASSET_PATHS = "\"KornekerCallepi/Preview Content\"";
				DEVELOPMENT_TEAM = 4CQXWD2Y9F;
				ENABLE_HARDENED_RUNTIME = YES;
				ENABLE_PREVIEWS = YES;
				GENERATE_INFOPLIST_FILE = YES;
				INFOPLIST_KEY_NSHumanReadableCopyright = "";
				LD_RUNPATH_SEARCH_PATHS = (
					"$(inherited)",
					"@executable_path/../Frameworks",
				);
				MARKETING_VERSION = 1.0;
				PRODUCT_BUNDLE_IDENTIFIER = com.ihorlenko.KornekerCallepi;
				PRODUCT_NAME = "$(TARGET_NAME)";
				SWIFT_EMIT_LOC_STRINGS = YES;
				SWIFT_VERSION = 5.0;
			};
			name = Release;
		};
/* End XCBuildConfiguration section */

/* Begin XCConfigurationList section */
		FD7C761B2AC481E700BE63FE /* Build configuration list for PBXProject "KornekerCallepi" */ = {
			isa = XCConfigurationList;
			buildConfigurations = (
				FD7C762D2AC481E800BE63FE /* Debug */,
				FD7C762E2AC481E800BE63FE /* Release */,
			);
			defaultConfigurationIsVisible = 0;
			defaultConfigurationName = Release;
		};
		FD7C762F2AC481E800BE63FE /* Build configuration list for PBXNativeTarget "KornekerCallepi" */ = {
			isa = XCConfigurationList;
			buildConfigurations = (
				FD7C76302AC481E800BE63FE /* Debug */,
				FD7C76312AC481E800BE63FE /* Release */,
			);
			defaultConfigurationIsVisible = 0;
			defaultConfigurationName = Release;
		};
/* End XCConfigurationList section */
	};
	rootObject = FD7C76182AC481E700BE63FE /* Project object */;
}
